{
  "name": "NpmPackageLockDependency",
  "lockfileVersion": 2,
  "requires": true,
  "packages": {
    "": {
      "dependencies": {
        "core-js": "^3.21.0"
      }
    },
    "node_modules/core-js": {
      "version": "3.21.0",
      "resolved": "https://registry.npmjs.org/core-js/-/core-js-3.21.0.tgz",
      "integrity": "sha512-YUdI3fFu4TF/2WykQ2xzSiTQdldLB4KVuL9WeAy5XONZYt5Cun/fpQvctoKbCgvPhmzADeesTk/j2Rdx77AcKQ==",
      "hasInstallScript": true,
      "funding": {
        "type": "opencollective",
        "url": "https://opencollective.com/core-js"
      }
    }
  },
  "dependencies": {
    "core-js": {
      "version": "3.21.0",
      "resolved": "https://registry.npmjs.org/core-js/-/core-js-3.21.0.tgz",
      "integrity": "sha512-YUdI3fFu4TF/2WykQ2xzSiTQdldLB4KVuL9WeAy5XONZYt5Cun/fpQvctoKbCgvPhmzADeesTk/j2Rdx77AcKQ=="
    }
  }
}
